
Microsoft Visual Studio Solution File, Format Version 12.00
# Visual Studio 14
VisualStudioVersion = 14.0.25123.0
MinimumVisualStudioVersion = 10.0.40219.1
Project("{FAE04EC0-301F-11D3-BF4B-00C04F79EFBC}") = "Sol_AnimalPlanet", "Sol_AnimalPlanet\Sol_AnimalPlanet.csproj", "{69AF7D19-82C9-4BDA-BBFB-8D8AF07E565E}"
EndProject
Project("{FAE04EC0-301F-11D3-BF4B-00C04F79EFBC}") = "app_AnimalPlanet", "app_AnimalPlanet\app_AnimalPlanet.csproj", "{082D81BA-6027-49C5-8F81-2BA81600FEF8}"
EndProject
Global
	GlobalSection(SolutionConfigurationPlatforms) = preSolution
		Debug|Any CPU = Debug|Any CPU
		Release|Any CPU = Release|Any CPU
	EndGlobalSection
	GlobalSection(ProjectConfigurationPlatforms) = postSolution
		{69AF7D19-82C9-4BDA-BBFB-8D8AF07E565E}.Debug|Any CPU.ActiveCfg = Debug|Any CPU
		{69AF7D19-82C9-4BDA-BBFB-8D8AF07E565E}.Debug|Any CPU.Build.0 = Debug|Any CPU
		{69AF7D19-82C9-4BDA-BBFB-8D8AF07E565E}.Release|Any CPU.ActiveCfg = Release|Any CPU
		{69AF7D19-82C9-4BDA-BBFB-8D8AF07E565E}.Release|Any CPU.Build.0 = Release|Any CPU
		{082D81BA-6027-49C5-8F81-2BA81600FEF8}.Debug|Any CPU.ActiveCfg = Debug|Any CPU
		{082D81BA-6027-49C5-8F81-2BA81600FEF8}.Debug|Any CPU.Build.0 = Debug|Any CPU
		{082D81BA-6027-49C5-8F81-2BA81600FEF8}.Release|Any CPU.ActiveCfg = Release|Any CPU
		{082D81BA-6027-49C5-8F81-2BA81600FEF8}.Release|Any CPU.Build.0 = Release|Any CPU
	EndGlobalSection
	GlobalSection(SolutionProperties) = preSolution
		HideSolutionNode = FALSE
	EndGlobalSection
EndGlobal
